// !$*UTF8*$!
{
	archiveVersion = 1;
	classes = {
	};
	objectVersion = 46;
	objects = {

/* Begin PBXBuildFile section */
		D54713841A8B1448007E3B70 /* AppDelegate.swift in Sources */ = {isa = PBXBuildFile; fileRef = D54713831A8B1448007E3B70 /* AppDelegate.swift */; };
		D54713861A8B1448007E3B70 /* ViewController.swift in Sources */ = {isa = PBXBuildFile; fileRef = D54713851A8B1448007E3B70 /* ViewController.swift */; };
		D54713891A8B1448007E3B70 /* Main.storyboard in Resources */ = {isa = PBXBuildFile; fileRef = D54713871A8B1448007E3B70 /* Main.storyboard */; };
		D547138B1A8B1448007E3B70 /* Images.xcassets in Resources */ = {isa = PBXBuildFile; fileRef = D547138A1A8B1448007E3B70 /* Images.xcassets */; };
		D547138E1A8B1448007E3B70 /* LaunchScreen.xib in Resources */ = {isa = PBXBuildFile; fileRef = D547138C1A8B1448007E3B70 /* LaunchScreen.xib */; };
		D547139A1A8B1448007E3B70 /* Postcard_2Tests.swift in Sources */ = {isa = PBXBuildFile; fileRef = D54713991A8B1448007E3B70 /* Postcard_2Tests.swift */; };
		D54713A61A8B1D68007E3B70 /* AlbertEinsteinStamp.jpg in Resources */ = {isa = PBXBuildFile; fileRef = D54713A31A8B1D68007E3B70 /* AlbertEinsteinStamp.jpg */; };
		D54713A71A8B1D68007E3B70 /* deeohgeeTree.jpeg in Resources */ = {isa = PBXBuildFile; fileRef = D54713A41A8B1D68007E3B70 /* deeohgeeTree.jpeg */; };
		D54713A81A8B1D68007E3B70 /* SagradaFamilia.jpeg in Resources */ = {isa = PBXBuildFile; fileRef = D54713A51A8B1D68007E3B70 /* SagradaFamilia.jpeg */; };
/* End PBXBuildFile section */

/* Begin PBXContainerItemProxy section */
		D54713941A8B1448007E3B70 /* PBXContainerItemProxy */ = {
			isa = PBXContainerItemProxy;
			containerPortal = D54713761A8B1448007E3B70 /* Project object */;
			proxyType = 1;
			remoteGlobalIDString = D547137D1A8B1448007E3B70;
			remoteInfo = Postcard_2;
		};
/* End PBXContainerItemProxy section */

/* Begin PBXFileReference section */
		D547137E1A8B1448007E3B70 /* Postcard_2.app */ = {isa = PBXFileReference; explicitFileType = wrapper.application; includeInIndex = 0; path = Postcard_2.app; sourceTree = BUILT_PRODUCTS_DIR; };
		D54713821A8B1448007E3B70 /* Info.plist */ = {isa = PBXFileReference; lastKnownFileType = text.plist.xml; path = Info.plist; sourceTree = "<group>"; };
		D54713831A8B1448007E3B70 /* AppDelegate.swift */ = {isa = PBXFileReference; lastKnownFileType = sourcecode.swift; path = AppDelegate.swift; sourceTree = "<group>"; };
		D54713851A8B1448007E3B70 /* ViewController.swift */ = {isa = PBXFileReference; lastKnownFileType = sourcecode.swift; path = ViewController.swift; sourceTree = "<group>"; };
		D54713881A8B1448007E3B70 /* Base */ = {isa = PBXFileReference; lastKnownFileType = file.storyboard; name = Base; path = Base.lproj/Main.storyboard; sourceTree = "<group>"; };
		D547138A1A8B1448007E3B70 /* Images.xcassets */ = {isa = PBXFileReference; lastKnownFileType = folder.assetcatalog; path = Images.xcassets; sourceTree = "<group>"; };
		D547138D1A8B1448007E3B70 /* Base */ = {isa = PBXFileReference; lastKnownFileType = file.xib; name = Base; path = Base.lproj/LaunchScreen.xib; sourceTree = "<group>"; };
		D54713931A8B1448007E3B70 /* Postcard_2Tests.xctest */ = {isa = PBXFileReference; explicitFileType = wrapper.cfbundle; includeInIndex = 0; path = Postcard_2Tests.xctest; sourceTree = BUILT_PRODUCTS_DIR; };
		D54713981A8B1448007E3B70 /* Info.plist */ = {isa = PBXFileReference; lastKnownFileType = text.plist.xml; path = Info.plist; sourceTree = "<group>"; };
		D54713991A8B1448007E3B70 /* Postcard_2Tests.swift */ = {isa = PBXFileReference; lastKnownFileType = sourcecode.swift; path = Postcard_2Tests.swift; sourceTree = "<group>"; };
		D54713A31A8B1D68007E3B70 /* AlbertEinsteinStamp.jpg */ = {isa = PBXFileReference; lastKnownFileType = image.jpeg; path = AlbertEinsteinStamp.jpg; sourceTree = "<group>"; };
		D54713A41A8B1D68007E3B70 /* deeohgeeTree.jpeg */ = {isa = PBXFileReference; lastKnownFileType = image.jpeg; path = deeohgeeTree.jpeg; sourceTree = "<group>"; };
		D54713A51A8B1D68007E3B70 /* SagradaFamilia.jpeg */ = {isa = PBXFileReference; lastKnownFileType = image.jpeg; path = SagradaFamilia.jpeg; sourceTree = "<group>"; };
/* End PBXFileReference section */

/* Begin PBXFrameworksBuildPhase section */
		D547137B1A8B1448007E3B70 /* Frameworks */ = {
			isa = PBXFrameworksBuildPhase;
			buildActionMask = 2147483647;
			files = (
			);
			runOnlyForDeploymentPostprocessing = 0;
		};
		D54713901A8B1448007E3B70 /* Frameworks */ = {
			isa = PBXFrameworksBuildPhase;
			buildActionMask = 2147483647;
			files = (
			);
			runOnlyForDeploymentPostprocessing = 0;
		};
/* End PBXFrameworksBuildPhase section */

/* Begin PBXGroup section */
		D54713751A8B1448007E3B70 = {
			isa = PBXGroup;
			children = (
				D54713801A8B1448007E3B70 /* Postcard_2 */,
				D54713961A8B1448007E3B70 /* Postcard_2Tests */,
				D547137F1A8B1448007E3B70 /* Products */,
			);
			sourceTree = "<group>";
		};
		D547137F1A8B1448007E3B70 /* Products */ = {
			isa = PBXGroup;
			children = (
				D547137E1A8B1448007E3B70 /* Postcard_2.app */,
				D54713931A8B1448007E3B70 /* Postcard_2Tests.xctest */,
			);
			name = Products;
			sourceTree = "<group>";
		};
		D54713801A8B1448007E3B70 /* Postcard_2 */ = {
			isa = PBXGroup;
			children = (
				D54713831A8B1448007E3B70 /* AppDelegate.swift */,
				D54713851A8B1448007E3B70 /* ViewController.swift */,
				D54713871A8B1448007E3B70 /* Main.storyboard */,
				D547138A1A8B1448007E3B70 /* Images.xcassets */,
				D547138C1A8B1448007E3B70 /* LaunchScreen.xib */,
				D54713811A8B1448007E3B70 /* Supporting Files */,
			);
			path = Postcard_2;
			sourceTree = "<group>";
		};
		D54713811A8B1448007E3B70 /* Supporting Files */ = {
			isa = PBXGroup;
			children = (
				D54713A31A8B1D68007E3B70 /* AlbertEinsteinStamp.jpg */,
				D54713A41A8B1D68007E3B70 /* deeohgeeTree.jpeg */,
				D54713A51A8B1D68007E3B70 /* SagradaFamilia.jpeg */,
				D54713821A8B1448007E3B70 /* Info.plist */,
			);
			name = "Supporting Files";
			sourceTree = "<group>";
		};
		D54713961A8B1448007E3B70 /* Postcard_2Tests */ = {
			isa = PBXGroup;
			children = (
				D54713991A8B1448007E3B70 /* Postcard_2Tests.swift */,
				D54713971A8B1448007E3B70 /* Supporting Files */,
			);
			path = Postcard_2Tests;
			sourceTree = "<group>";
		};
		D54713971A8B1448007E3B70 /* Supporting Files */ = {
			isa = PBXGroup;
			children = (
				D54713981A8B1448007E3B70 /* Info.plist */,
			);
			name = "Supporting Files";
			sourceTree = "<group>";
		};
/* End PBXGroup section */

/* Begin PBXNativeTarget section */
		D547137D1A8B1448007E3B70 /* Postcard_2 */ = {
			isa = PBXNativeTarget;
			buildConfigurationList = D547139D1A8B1448007E3B70 /* Build configuration list for PBXNativeTarget "Postcard_2" */;
			buildPhases = (
				D547137A1A8B1448007E3B70 /* Sources */,
				D547137B1A8B1448007E3B70 /* Frameworks */,
				D547137C1A8B1448007E3B70 /* Resources */,
			);
			buildRules = (
			);
			dependencies = (
			);
			name = Postcard_2;
			productName = Postcard_2;
			productReference = D547137E1A8B1448007E3B70 /* Postcard_2.app */;
			productType = "com.apple.product-type.application";
		};
		D54713921A8B1448007E3B70 /* Postcard_2Tests */ = {
			isa = PBXNativeTarget;
			buildConfigurationList = D54713A01A8B1448007E3B70 /* Build configuration list for PBXNativeTarget "Postcard_2Tests" */;
			buildPhases = (
				D547138F1A8B1448007E3B70 /* Sources */,
				D54713901A8B1448007E3B70 /* Frameworks */,
				D54713911A8B1448007E3B70 /* Resources */,
			);
			buildRules = (
			);
			dependencies = (
				D54713951A8B1448007E3B70 /* PBXTargetDependency */,
			);
			name = Postcard_2Tests;
			productName = Postcard_2Tests;
			productReference = D54713931A8B1448007E3B70 /* Postcard_2Tests.xctest */;
			productType = "com.apple.product-type.bundle.unit-test";
		};
/* End PBXNativeTarget section */

/* Begin PBXProject section */
		D54713761A8B1448007E3B70 /* Project object */ = {
			isa = PBXProject;
			attributes = {
				LastUpgradeCheck = 0610;
				ORGANIZATIONNAME = Mendez;
				TargetAttributes = {
					D547137D1A8B1448007E3B70 = {
						CreatedOnToolsVersion = 6.1.1;
					};
					D54713921A8B1448007E3B70 = {
						CreatedOnToolsVersion = 6.1.1;
						TestTargetID = D547137D1A8B1448007E3B70;
					};
				};
			};
			buildConfigurationList = D54713791A8B1448007E3B70 /* Build configuration list for PBXProject "Postcard_2" */;
			compatibilityVersion = "Xcode 3.2";
			developmentRegion = English;
			hasScannedForEncodings = 0;
			knownRegions = (
				en,
				Base,
			);
			mainGroup = D54713751A8B1448007E3B70;
			productRefGroup = D547137F1A8B1448007E3B70 /* Products */;
			projectDirPath = "";
			projectRoot = "";
			targets = (
				D547137D1A8B1448007E3B70 /* Postcard_2 */,
				D54713921A8B1448007E3B70 /* Postcard_2Tests */,
			);
		};
/* End PBXProject section */

/* Begin PBXResourcesBuildPhase section */
		D547137C1A8B1448007E3B70 /* Resources */ = {
			isa = PBXResourcesBuildPhase;
			buildActionMask = 2147483647;
			files = (
				D54713A71A8B1D68007E3B70 /* deeohgeeTree.jpeg in Resources */,
				D54713A61A8B1D68007E3B70 /* AlbertEinsteinStamp.jpg in Resources */,
				D54713891A8B1448007E3B70 /* Main.storyboard in Resources */,
				D547138E1A8B1448007E3B70 /* LaunchScreen.xib in Resources */,
				D547138B1A8B1448007E3B70 /* Images.xcassets in Resources */,
				D54713A81A8B1D68007E3B70 /* SagradaFamilia.jpeg in Resources */,
			);
			runOnlyForDeploymentPostprocessing = 0;
		};
		D54713911A8B1448007E3B70 /* Resources */ = {
			isa = PBXResourcesBuildPhase;
			buildActionMask = 2147483647;
			files = (
			);
			runOnlyForDeploymentPostprocessing = 0;
		};
/* End PBXResourcesBuildPhase section */

/* Begin PBXSourcesBuildPhase section */
		D547137A1A8B1448007E3B70 /* Sources */ = {
			isa = PBXSourcesBuildPhase;
			buildActionMask = 2147483647;
			files = (
				D54713861A8B1448007E3B70 /* ViewController.swift in Sources */,
				D54713841A8B1448007E3B70 /* AppDelegate.swift in Sources */,
			);
			runOnlyForDeploymentPostprocessing = 0;
		};
		D547138F1A8B1448007E3B70 /* Sources */ = {
			isa = PBXSourcesBuildPhase;
			buildActionMask = 2147483647;
			files = (
				D547139A1A8B1448007E3B70 /* Postcard_2Tests.swift in Sources */,
			);
			runOnlyForDeploymentPostprocessing = 0;
		};
/* End PBXSourcesBuildPhase section */

/* Begin PBXTargetDependency section */
		D54713951A8B1448007E3B70 /* PBXTargetDependency */ = {
			isa = PBXTargetDependency;
			target = D547137D1A8B1448007E3B70 /* Postcard_2 */;
			targetProxy = D54713941A8B1448007E3B70 /* PBXContainerItemProxy */;
		};
/* End PBXTargetDependency section */

/* Begin PBXVariantGroup section */
		D54713871A8B1448007E3B70 /* Main.storyboard */ = {
			isa = PBXVariantGroup;
			children = (
				D54713881A8B1448007E3B70 /* Base */,
			);
			name = Main.storyboard;
			sourceTree = "<group>";
		};
		D547138C1A8B1448007E3B70 /* LaunchScreen.xib */ = {
			isa = PBXVariantGroup;
			children = (
				D547138D1A8B1448007E3B70 /* Base */,
			);
			name = LaunchScreen.xib;
			sourceTree = "<group>";
		};
/* End PBXVariantGroup section */

/* Begin XCBuildConfiguration section */
		D547139B1A8B1448007E3B70 /* Debug */ = {
			isa = XCBuildConfiguration;
			buildSettings = {
				ALWAYS_SEARCH_USER_PATHS = NO;
				CLANG_CXX_LANGUAGE_STANDARD = "gnu++0x";
				CLANG_CXX_LIBRARY = "libc++";
				CLANG_ENABLE_MODULES = YES;
				CLANG_ENABLE_OBJC_ARC = YES;
				CLANG_WARN_BOOL_CONVERSION = YES;
				CLANG_WARN_CONSTANT_CONVERSION = YES;
				CLANG_WARN_DIRECT_OBJC_ISA_USAGE = YES_ERROR;
				CLANG_WARN_EMPTY_BODY = YES;
				CLANG_WARN_ENUM_CONVERSION = YES;
				CLANG_WARN_INT_CONVERSION = YES;
				CLANG_WARN_OBJC_ROOT_CLASS = YES_ERROR;
				CLANG_WARN_UNREACHABLE_CODE = YES;
				CLANG_WARN__DUPLICATE_METHOD_MATCH = YES;
				"CODE_SIGN_IDENTITY[sdk=iphoneos*]" = "iPhone Developer";
				COPY_PHASE_STRIP = NO;
				ENABLE_STRICT_OBJC_MSGSEND = YES;
				GCC_C_LANGUAGE_STANDARD = gnu99;
				GCC_DYNAMIC_NO_PIC = NO;
				GCC_OPTIMIZATION_LEVEL = 0;
				GCC_PREPROCESSOR_DEFINITIONS = (
					"DEBUG=1",
					"$(inherited)",
				);
				GCC_SYMBOLS_PRIVATE_EXTERN = NO;
				GCC_WARN_64_TO_32_BIT_CONVERSION = YES;
				GCC_WARN_ABOUT_RETURN_TYPE = YES_ERROR;
				GCC_WARN_UNDECLARED_SELECTOR = YES;
				GCC_WARN_UNINITIALIZED_AUTOS = YES_AGGRESSIVE;
				GCC_WARN_UNUSED_FUNCTION = YES;
				GCC_WARN_UNUSED_VARIABLE = YES;
				IPHONEOS_DEPLOYMENT_TARGET = 8.1;
				MTL_ENABLE_DEBUG_INFO = YES;
				ONLY_ACTIVE_ARCH = YES;
				SDKROOT = iphoneos;
				SWIFT_OPTIMIZATION_LEVEL = "-Onone";
				TARGETED_DEVICE_FAMILY = "1,2";
			};
			name = Debug;
		};
		D547139C1A8B1448007E3B70 /* Release */ = {
			isa = XCBuildConfiguration;
			buildSettings = {
				ALWAYS_SEARCH_USER_PATHS = NO;
				CLANG_CXX_LANGUAGE_STANDARD = "gnu++0x";
				CLANG_CXX_LIBRARY = "libc++";
				CLANG_ENABLE_MODULES = YES;
				CLANG_ENABLE_OBJC_ARC = YES;
				CLANG_WARN_BOOL_CONVERSION = YES;
				CLANG_WARN_CONSTANT_CONVERSION = YES;
				CLANG_WARN_DIRECT_OBJC_ISA_USAGE = YES_ERROR;
				CLANG_WARN_EMPTY_BODY = YES;
				CLANG_WARN_ENUM_CONVERSION = YES;
				CLANG_WARN_INT_CONVERSION = YES;
				CLANG_WARN_OBJC_ROOT_CLASS = YES_ERROR;
				CLANG_WARN_UNREACHABLE_CODE = YES;
				CLANG_WARN__DUPLICATE_METHOD_MATCH = YES;
				"CODE_SIGN_IDENTITY[sdk=iphoneos*]" = "iPhone Developer";
				COPY_PHASE_STRIP = YES;
				ENABLE_NS_ASSERTIONS = NO;
				ENABLE_STRICT_OBJC_MSGSEND = YES;
				GCC_C_LANGUAGE_STANDARD = gnu99;
				GCC_WARN_64_TO_32_BIT_CONVERSION = YES;
				GCC_WARN_ABOUT_RETURN_TYPE = YES_ERROR;
				GCC_WARN_UNDECLARED_SELECTOR = YES;
				GCC_WARN_UNINITIALIZED_AUTOS = YES_AGGRESSIVE;
				GCC_WARN_UNUSED_FUNCTION = YES;
				GCC_WARN_UNUSED_VARIABLE = YES;
				IPHONEOS_DEPLOYMENT_TARGET = 8.1;
				MTL_ENABLE_DEBUG_INFO = NO;
				SDKROOT = iphoneos;
				TARGETED_DEVICE_FAMILY = "1,2";
				VALIDATE_PRODUCT = YES;
			};
			name = Release;
		};
		D547139E1A8B1448007E3B70 /* Debug */ = {
			isa = XCBuildConfiguration;
			buildSettings = {
				ASSETCATALOG_COMPILER_APPICON_NAME = AppIcon;
				INFOPLIST_FILE = Postcard_2/Info.plist;
				LD_RUNPATH_SEARCH_PATHS = "$(inherited) @executable_path/Frameworks";
				PRODUCT_NAME = "$(TARGET_NAME)";
			};
			name = Debug;
		};
		D547139F1A8B1448007E3B70 /* Release */ = {
			isa = XCBuildConfiguration;
			buildSettings = {
				ASSETCATALOG_COMPILER_APPICON_NAME = AppIcon;
				INFOPLIST_FILE = Postcard_2/Info.plist;
				LD_RUNPATH_SEARCH_PATHS = "$(inherited) @executable_path/Frameworks";
				PRODUCT_NAME = "$(TARGET_NAME)";
			};
			name = Release;
		};
		D54713A11A8B1448007E3B70 /* Debug */ = {
			isa = XCBuildConfiguration;
			buildSettings = {
				BUNDLE_LOADER = "$(TEST_HOST)";
				FRAMEWORK_SEARCH_PATHS = (
					"$(SDKROOT)/Developer/Library/Frameworks",
					"$(inherited)",
				);
				GCC_PREPROCESSOR_DEFINITIONS = (
					"DEBUG=1",
					"$(inherited)",
				);
				INFOPLIST_FILE = Postcard_2Tests/Info.plist;
				LD_RUNPATH_SEARCH_PATHS = "$(inherited) @executable_path/Frameworks @loader_path/Frameworks";
				PRODUCT_NAME = "$(TARGET_NAME)";
				TEST_HOST = "$(BUILT_PRODUCTS_DIR)/Postcard_2.app/Postcard_2";
			};
			name = Debug;
		};
		D54713A21A8B1448007E3B70 /* Release */ = {
			isa = XCBuildConfiguration;
			buildSettings = {
				BUNDLE_LOADER = "$(TEST_HOST)";
				FRAMEWORK_SEARCH_PATHS = (
					"$(SDKROOT)/Developer/Library/Frameworks",
					"$(inherited)",
				);
				INFOPLIST_FILE = Postcard_2Tests/Info.plist;
				LD_RUNPATH_SEARCH_PATHS = "$(inherited) @executable_path/Frameworks @loader_path/Frameworks";
				PRODUCT_NAME = "$(TARGET_NAME)";
				TEST_HOST = "$(BUILT_PRODUCTS_DIR)/Postcard_2.app/Postcard_2";
			};
			name = Release;
		};
/* End XCBuildConfiguration section */

/* Begin XCConfigurationList section */
		D54713791A8B1448007E3B70 /* Build configuration list for PBXProject "Postcard_2" */ = {
			isa = XCConfigurationList;
			buildConfigurations = (
				D547139B1A8B1448007E3B70 /* Debug */,
				D547139C1A8B1448007E3B70 /* Release */,
			);
			defaultConfigurationIsVisible = 0;
			defaultConfigurationName = Release;
		};
		D547139D1A8B1448007E3B70 /* Build configuration list for PBXNativeTarget "Postcard_2" */ = {
			isa = XCConfigurationList;
			buildConfigurations = (
				D547139E1A8B1448007E3B70 /* Debug */,
				D547139F1A8B1448007E3B70 /* Release */,
			);
			defaultConfigurationIsVisible = 0;
		};
		D54713A01A8B1448007E3B70 /* Build configuration list for PBXNativeTarget "Postcard_2Tests" */ = {
			isa = XCConfigurationList;
			buildConfigurations = (
				D54713A11A8B1448007E3B70 /* Debug */,
				D54713A21A8B1448007E3B70 /* Release */,
			);
			defaultConfigurationIsVisible = 0;
		};
/* End XCConfigurationList section */
	};
	rootObject = D54713761A8B1448007E3B70 /* Project object */;
}
